
Microsoft Visual Studio Solution File, Format Version 12.00
# Visual Studio Version 17
VisualStudioVersion = 17.1.32421.90
MinimumVisualStudioVersion = 10.0.40219.1
Project("{F2A71F9B-5D33-465A-A702-920D77279786}") = "SallesWebMvc", "SallesWebMvc\SallesWebMvc.fsproj", "{D80AD023-A10E-4222-9477-689263C783A6}"
EndProject
Global
	GlobalSection(SolutionConfigurationPlatforms) = preSolution
		Debug|Any CPU = Debug|Any CPU
		Release|Any CPU = Release|Any CPU
	EndGlobalSection
	GlobalSection(ProjectConfigurationPlatforms) = postSolution
		{D80AD023-A10E-4222-9477-689263C783A6}.Debug|Any CPU.ActiveCfg = Debug|Any CPU
		{D80AD023-A10E-4222-9477-689263C783A6}.Debug|Any CPU.Build.0 = Debug|Any CPU
		{D80AD023-A10E-4222-9477-689263C783A6}.Release|Any CPU.ActiveCfg = Release|Any CPU
		{D80AD023-A10E-4222-9477-689263C783A6}.Release|Any CPU.Build.0 = Release|Any CPU
	EndGlobalSection
	GlobalSection(SolutionProperties) = preSolution
		HideSolutionNode = FALSE
	EndGlobalSection
	GlobalSection(ExtensibilityGlobals) = postSolution
		SolutionGuid = {274D595D-98F6-45F0-B0DC-C8E9D820E804}
	EndGlobalSection
EndGlobal
